uuid: ec9ff551-f7c9-4d02-9914-f266f3ec4992
langcode: en
status: true
dependencies:
  config:
    - paragraphs.paragraphs_type.images_block
  module:
    - content_translation
third_party_settings:
  content_translation:
    enabled: true
    bundle_settings:
      untranslatable_fields_hide: '0'
id: paragraph.images_block
target_entity_type_id: paragraph
target_bundle: images_block
default_langcode: site_default
language_alterable: true
