uuid: 69434629-e06c-4563-9289-4f007c20953b
langcode: en
status: true
dependencies:
  config:
    - paragraphs.paragraphs_type.reference_block
  module:
    - content_translation
third_party_settings:
  content_translation:
    enabled: true
    bundle_settings:
      untranslatable_fields_hide: '0'
id: paragraph.reference_block
target_entity_type_id: paragraph
target_bundle: reference_block
default_langcode: site_default
language_alterable: true
